
Microsoft Visual Studio Solution File, Format Version 12.00
# Visual Studio Version 17
VisualStudioVersion = 17.3.32819.101
MinimumVisualStudioVersion = 10.0.40219.1
Project("{FAE04EC0-301F-11D3-BF4B-00C04F79EFBC}") = "Homework11", "Homework11\Homework11.csproj", "{999716DC-DBEB-4667-813A-C6914849551F}"
EndProject
Global
	GlobalSection(SolutionConfigurationPlatforms) = preSolution
		Debug|Any CPU = Debug|Any CPU
		Release|Any CPU = Release|Any CPU
	EndGlobalSection
	GlobalSection(ProjectConfigurationPlatforms) = postSolution
		{999716DC-DBEB-4667-813A-C6914849551F}.Debug|Any CPU.ActiveCfg = Debug|Any CPU
		{999716DC-DBEB-4667-813A-C6914849551F}.Debug|Any CPU.Build.0 = Debug|Any CPU
		{999716DC-DBEB-4667-813A-C6914849551F}.Release|Any CPU.ActiveCfg = Release|Any CPU
		{999716DC-DBEB-4667-813A-C6914849551F}.Release|Any CPU.Build.0 = Release|Any CPU
	EndGlobalSection
	GlobalSection(SolutionProperties) = preSolution
		HideSolutionNode = FALSE
	EndGlobalSection
	GlobalSection(ExtensibilityGlobals) = postSolution
		SolutionGuid = {2C8B29FF-E503-4F97-9DA2-80E2C4EF70CD}
	EndGlobalSection
EndGlobal
